
Microsoft Visual Studio Solution File, Format Version 12.00
# Visual Studio Version 17
VisualStudioVersion = 17.12.35707.178 d17.12
MinimumVisualStudioVersion = 10.0.40219.1
Project("{FAE04EC0-301F-11D3-BF4B-00C04F79EFBC}") = "SOA_Layered_Arch", "SOA_Layered_Arch\SOA_Layered_Arch.csproj", "{5923492F-3D70-49E4-BCA6-E78D76B3BDA3}"
EndProject
Global
	GlobalSection(SolutionConfigurationPlatforms) = preSolution
		Debug|Any CPU = Debug|Any CPU
		Release|Any CPU = Release|Any CPU
	EndGlobalSection
	GlobalSection(ProjectConfigurationPlatforms) = postSolution
		{5923492F-3D70-49E4-BCA6-E78D76B3BDA3}.Debug|Any CPU.ActiveCfg = Debug|Any CPU
		{5923492F-3D70-49E4-BCA6-E78D76B3BDA3}.Debug|Any CPU.Build.0 = Debug|Any CPU
		{5923492F-3D70-49E4-BCA6-E78D76B3BDA3}.Release|Any CPU.ActiveCfg = Release|Any CPU
		{5923492F-3D70-49E4-BCA6-E78D76B3BDA3}.Release|Any CPU.Build.0 = Release|Any CPU
	EndGlobalSection
	GlobalSection(SolutionProperties) = preSolution
		HideSolutionNode = FALSE
	EndGlobalSection
EndGlobal
